
Microsoft Visual Studio Solution File, Format Version 12.00
# Visual Studio 15
VisualStudioVersion = 15.0.35213.121
MinimumVisualStudioVersion = 10.0.40219.1
Project("{FAE04EC0-301F-11D3-BF4B-00C04F79EFBC}") = "ProgressMatrix", "ProgressMatrix.csproj", "{16D1DFFF-C585-4321-B777-6B200A3E2260}"
EndProject
Project("{FAE04EC0-301F-11D3-BF4B-00C04F79EFBC}") = "DemoApp", "..\DemoApp\DemoApp.csproj", "{A49F32E3-4689-48B4-A9CE-27DF588707E1}"
EndProject
Global
	GlobalSection(SolutionConfigurationPlatforms) = preSolution
		Debug|Any CPU = Debug|Any CPU
		Release|Any CPU = Release|Any CPU
	EndGlobalSection
	GlobalSection(ProjectConfigurationPlatforms) = postSolution
		{16D1DFFF-C585-4321-B777-6B200A3E2260}.Debug|Any CPU.ActiveCfg = Debug|Any CPU
		{16D1DFFF-C585-4321-B777-6B200A3E2260}.Debug|Any CPU.Build.0 = Debug|Any CPU
		{16D1DFFF-C585-4321-B777-6B200A3E2260}.Release|Any CPU.ActiveCfg = Release|Any CPU
		{16D1DFFF-C585-4321-B777-6B200A3E2260}.Release|Any CPU.Build.0 = Release|Any CPU
		{A49F32E3-4689-48B4-A9CE-27DF588707E1}.Debug|Any CPU.ActiveCfg = Debug|Any CPU
		{A49F32E3-4689-48B4-A9CE-27DF588707E1}.Debug|Any CPU.Build.0 = Debug|Any CPU
		{A49F32E3-4689-48B4-A9CE-27DF588707E1}.Release|Any CPU.ActiveCfg = Release|Any CPU
		{A49F32E3-4689-48B4-A9CE-27DF588707E1}.Release|Any CPU.Build.0 = Release|Any CPU
	EndGlobalSection
	GlobalSection(SolutionProperties) = preSolution
		HideSolutionNode = FALSE
	EndGlobalSection
	GlobalSection(ExtensibilityGlobals) = postSolution
		SolutionGuid = {F603088C-00E7-49A6-A1CC-954C5DD0D150}
	EndGlobalSection
EndGlobal
